
Microsoft Visual Studio Solution File, Format Version 12.00
# Visual Studio Version 16
VisualStudioVersion = 25.0.1705.4
MinimumVisualStudioVersion = 10.0.40219.1
Project("{FAE04EC0-301F-11D3-BF4B-00C04F79EFBC}") = "DependencyInversion", "DependencyInversion.csproj", "{FD6D8272-B027-40CF-9459-DCAD076900DF}"
EndProject
Global
	GlobalSection(SolutionConfigurationPlatforms) = preSolution
		Debug|Any CPU = Debug|Any CPU
		Release|Any CPU = Release|Any CPU
	EndGlobalSection
	GlobalSection(ProjectConfigurationPlatforms) = postSolution
		{FD6D8272-B027-40CF-9459-DCAD076900DF}.Debug|Any CPU.ActiveCfg = Debug|Any CPU
		{FD6D8272-B027-40CF-9459-DCAD076900DF}.Debug|Any CPU.Build.0 = Debug|Any CPU
		{FD6D8272-B027-40CF-9459-DCAD076900DF}.Release|Any CPU.ActiveCfg = Release|Any CPU
		{FD6D8272-B027-40CF-9459-DCAD076900DF}.Release|Any CPU.Build.0 = Release|Any CPU
	EndGlobalSection
	GlobalSection(SolutionProperties) = preSolution
		HideSolutionNode = FALSE
	EndGlobalSection
	GlobalSection(ExtensibilityGlobals) = postSolution
		SolutionGuid = {01A1BCF8-6E93-489F-B0DF-88CB0E03892B}
	EndGlobalSection
EndGlobal
