
Microsoft Visual Studio Solution File, Format Version 12.00
# Visual Studio Version 16
VisualStudioVersion = 25.0.1705.4
MinimumVisualStudioVersion = 10.0.40219.1
Project("{FAE04EC0-301F-11D3-BF4B-00C04F79EFBC}") = "OpenClose", "OpenClose.csproj", "{D09D4FFC-1115-4DFB-A31C-9191ECBC8426}"
EndProject
Global
	GlobalSection(SolutionConfigurationPlatforms) = preSolution
		Debug|Any CPU = Debug|Any CPU
		Release|Any CPU = Release|Any CPU
	EndGlobalSection
	GlobalSection(ProjectConfigurationPlatforms) = postSolution
		{D09D4FFC-1115-4DFB-A31C-9191ECBC8426}.Debug|Any CPU.ActiveCfg = Debug|Any CPU
		{D09D4FFC-1115-4DFB-A31C-9191ECBC8426}.Debug|Any CPU.Build.0 = Debug|Any CPU
		{D09D4FFC-1115-4DFB-A31C-9191ECBC8426}.Release|Any CPU.ActiveCfg = Release|Any CPU
		{D09D4FFC-1115-4DFB-A31C-9191ECBC8426}.Release|Any CPU.Build.0 = Release|Any CPU
	EndGlobalSection
	GlobalSection(SolutionProperties) = preSolution
		HideSolutionNode = FALSE
	EndGlobalSection
	GlobalSection(ExtensibilityGlobals) = postSolution
		SolutionGuid = {00909DEA-8D89-468D-9BCC-B3D43F07C7C7}
	EndGlobalSection
EndGlobal
