
Microsoft Visual Studio Solution File, Format Version 12.00
# Visual Studio Version 16
VisualStudioVersion = 25.0.1705.4
MinimumVisualStudioVersion = 10.0.40219.1
Project("{FAE04EC0-301F-11D3-BF4B-00C04F79EFBC}") = "InterfaceSegregation", "InterfaceSegregation.csproj", "{48AB94DE-C8F4-454D-BA8E-57A4AD71303C}"
EndProject
Global
	GlobalSection(SolutionConfigurationPlatforms) = preSolution
		Debug|Any CPU = Debug|Any CPU
		Release|Any CPU = Release|Any CPU
	EndGlobalSection
	GlobalSection(ProjectConfigurationPlatforms) = postSolution
		{48AB94DE-C8F4-454D-BA8E-57A4AD71303C}.Debug|Any CPU.ActiveCfg = Debug|Any CPU
		{48AB94DE-C8F4-454D-BA8E-57A4AD71303C}.Debug|Any CPU.Build.0 = Debug|Any CPU
		{48AB94DE-C8F4-454D-BA8E-57A4AD71303C}.Release|Any CPU.ActiveCfg = Release|Any CPU
		{48AB94DE-C8F4-454D-BA8E-57A4AD71303C}.Release|Any CPU.Build.0 = Release|Any CPU
	EndGlobalSection
	GlobalSection(SolutionProperties) = preSolution
		HideSolutionNode = FALSE
	EndGlobalSection
	GlobalSection(ExtensibilityGlobals) = postSolution
		SolutionGuid = {5E0FDBD3-7890-4078-9C78-EE4E0E3423A0}
	EndGlobalSection
EndGlobal
